
Microsoft Visual Studio Solution File, Format Version 12.00
# Visual Studio Version 17
VisualStudioVersion = 17.10.35013.160
MinimumVisualStudioVersion = 10.0.40219.1
Project("{FAE04EC0-301F-11D3-BF4B-00C04F79EFBC}") = "Proyecto1.2Joel", "Proyecto1.2Joel\Proyecto1.2Joel.csproj", "{FC1F43EB-AAF0-4C19-82AF-577DFD09852A}"
EndProject
Global
	GlobalSection(SolutionConfigurationPlatforms) = preSolution
		Debug|Any CPU = Debug|Any CPU
		Release|Any CPU = Release|Any CPU
	EndGlobalSection
	GlobalSection(ProjectConfigurationPlatforms) = postSolution
		{FC1F43EB-AAF0-4C19-82AF-577DFD09852A}.Debug|Any CPU.ActiveCfg = Debug|Any CPU
		{FC1F43EB-AAF0-4C19-82AF-577DFD09852A}.Debug|Any CPU.Build.0 = Debug|Any CPU
		{FC1F43EB-AAF0-4C19-82AF-577DFD09852A}.Release|Any CPU.ActiveCfg = Release|Any CPU
		{FC1F43EB-AAF0-4C19-82AF-577DFD09852A}.Release|Any CPU.Build.0 = Release|Any CPU
	EndGlobalSection
	GlobalSection(SolutionProperties) = preSolution
		HideSolutionNode = FALSE
	EndGlobalSection
	GlobalSection(ExtensibilityGlobals) = postSolution
		SolutionGuid = {1335765D-3FE1-40B7-A8F3-F7F86B1CC1E2}
	EndGlobalSection
EndGlobal
